
Microsoft Visual Studio Solution File, Format Version 12.00
# Visual Studio Version 17
VisualStudioVersion = 17.4.33205.214
MinimumVisualStudioVersion = 10.0.40219.1
Project("{FAE04EC0-301F-11D3-BF4B-00C04F79EFBC}") = "Hello World", "Hello World.csproj", "{7CED8849-2292-4EE8-81F1-A26726A67652}"
EndProject
Global
	GlobalSection(SolutionConfigurationPlatforms) = preSolution
		Debug|Any CPU = Debug|Any CPU
		Release|Any CPU = Release|Any CPU
	EndGlobalSection
	GlobalSection(ProjectConfigurationPlatforms) = postSolution
		{7CED8849-2292-4EE8-81F1-A26726A67652}.Debug|Any CPU.ActiveCfg = Debug|Any CPU
		{7CED8849-2292-4EE8-81F1-A26726A67652}.Debug|Any CPU.Build.0 = Debug|Any CPU
		{7CED8849-2292-4EE8-81F1-A26726A67652}.Release|Any CPU.ActiveCfg = Release|Any CPU
		{7CED8849-2292-4EE8-81F1-A26726A67652}.Release|Any CPU.Build.0 = Release|Any CPU
	EndGlobalSection
	GlobalSection(SolutionProperties) = preSolution
		HideSolutionNode = FALSE
	EndGlobalSection
	GlobalSection(ExtensibilityGlobals) = postSolution
		SolutionGuid = {C246091F-32A3-4492-A45D-256F6EA8EB8C}
	EndGlobalSection
EndGlobal
